// !$*UTF8*$!
{
	archiveVersion = 1;
	classes = {
	};
	objectVersion = 56;
	objects = {

/* Begin PBXBuildFile section */
		F60E6F9E2B28BB7100215822 /* AppDelegate.swift in Sources */ = {isa = PBXBuildFile; fileRef = F60E6F9D2B28BB7100215822 /* AppDelegate.swift */; };
		F60E6FA02B28BB7100215822 /* SceneDelegate.swift in Sources */ = {isa = PBXBuildFile; fileRef = F60E6F9F2B28BB7100215822 /* SceneDelegate.swift */; };
		F60E6FA22B28BB7100215822 /* ViewController.swift in Sources */ = {isa = PBXBuildFile; fileRef = F60E6FA12B28BB7100215822 /* ViewController.swift */; };
		F60E6FA52B28BB7100215822 /* Main.storyboard in Resources */ = {isa = PBXBuildFile; fileRef = F60E6FA32B28BB7100215822 /* Main.storyboard */; };
		F60E6FA72B28BB7200215822 /* Assets.xcassets in Resources */ = {isa = PBXBuildFile; fileRef = F60E6FA62B28BB7200215822 /* Assets.xcassets */; };
		F60E6FAA2B28BB7200215822 /* LaunchScreen.storyboard in Resources */ = {isa = PBXBuildFile; fileRef = F60E6FA82B28BB7200215822 /* LaunchScreen.storyboard */; };
		F60E6FB52B28BB7200215822 /* NoteTests.swift in Sources */ = {isa = PBXBuildFile; fileRef = F60E6FB42B28BB7200215822 /* NoteTests.swift */; };
		F60E6FBF2B28BB7200215822 /* NoteUITests.swift in Sources */ = {isa = PBXBuildFile; fileRef = F60E6FBE2B28BB7200215822 /* NoteUITests.swift */; };
		F60E6FC12B28BB7200215822 /* NoteUITestsLaunchTests.swift in Sources */ = {isa = PBXBuildFile; fileRef = F60E6FC02B28BB7200215822 /* NoteUITestsLaunchTests.swift */; };
		F60E6FCE2B28BE8400215822 /* CollectionViewCell.swift in Sources */ = {isa = PBXBuildFile; fileRef = F60E6FCD2B28BE8300215822 /* CollectionViewCell.swift */; };
		F60E6FD02B29918C00215822 /* Extensions.swift in Sources */ = {isa = PBXBuildFile; fileRef = F60E6FCF2B29918C00215822 /* Extensions.swift */; };
/* End PBXBuildFile section */

/* Begin PBXContainerItemProxy section */
		F60E6FB12B28BB7200215822 /* PBXContainerItemProxy */ = {
			isa = PBXContainerItemProxy;
			containerPortal = F60E6F922B28BB7100215822 /* Project object */;
			proxyType = 1;
			remoteGlobalIDString = F60E6F992B28BB7100215822;
			remoteInfo = Note;
		};
		F60E6FBB2B28BB7200215822 /* PBXContainerItemProxy */ = {
			isa = PBXContainerItemProxy;
			containerPortal = F60E6F922B28BB7100215822 /* Project object */;
			proxyType = 1;
			remoteGlobalIDString = F60E6F992B28BB7100215822;
			remoteInfo = Note;
		};
/* End PBXContainerItemProxy section */

/* Begin PBXFileReference section */
		F60E6F9A2B28BB7100215822 /* Note.app */ = {isa = PBXFileReference; explicitFileType = wrapper.application; includeInIndex = 0; path = Note.app; sourceTree = BUILT_PRODUCTS_DIR; };
		F60E6F9D2B28BB7100215822 /* AppDelegate.swift */ = {isa = PBXFileReference; lastKnownFileType = sourcecode.swift; path = AppDelegate.swift; sourceTree = "<group>"; };
		F60E6F9F2B28BB7100215822 /* SceneDelegate.swift */ = {isa = PBXFileReference; lastKnownFileType = sourcecode.swift; path = SceneDelegate.swift; sourceTree = "<group>"; };
		F60E6FA12B28BB7100215822 /* ViewController.swift */ = {isa = PBXFileReference; lastKnownFileType = sourcecode.swift; path = ViewController.swift; sourceTree = "<group>"; };
		F60E6FA42B28BB7100215822 /* Base */ = {isa = PBXFileReference; lastKnownFileType = file.storyboard; name = Base; path = Base.lproj/Main.storyboard; sourceTree = "<group>"; };
		F60E6FA62B28BB7200215822 /* Assets.xcassets */ = {isa = PBXFileReference; lastKnownFileType = folder.assetcatalog; path = Assets.xcassets; sourceTree = "<group>"; };
		F60E6FA92B28BB7200215822 /* Base */ = {isa = PBXFileReference; lastKnownFileType = file.storyboard; name = Base; path = Base.lproj/LaunchScreen.storyboard; sourceTree = "<group>"; };
		F60E6FAB2B28BB7200215822 /* Info.plist */ = {isa = PBXFileReference; lastKnownFileType = text.plist.xml; path = Info.plist; sourceTree = "<group>"; };
		F60E6FB02B28BB7200215822 /* NoteTests.xctest */ = {isa = PBXFileReference; explicitFileType = wrapper.cfbundle; includeInIndex = 0; path = NoteTests.xctest; sourceTree = BUILT_PRODUCTS_DIR; };
		F60E6FB42B28BB7200215822 /* NoteTests.swift */ = {isa = PBXFileReference; lastKnownFileType = sourcecode.swift; path = NoteTests.swift; sourceTree = "<group>"; };
		F60E6FBA2B28BB7200215822 /* NoteUITests.xctest */ = {isa = PBXFileReference; explicitFileType = wrapper.cfbundle; includeInIndex = 0; path = NoteUITests.xctest; sourceTree = BUILT_PRODUCTS_DIR; };
		F60E6FBE2B28BB7200215822 /* NoteUITests.swift */ = {isa = PBXFileReference; lastKnownFileType = sourcecode.swift; path = NoteUITests.swift; sourceTree = "<group>"; };
		F60E6FC02B28BB7200215822 /* NoteUITestsLaunchTests.swift */ = {isa = PBXFileReference; lastKnownFileType = sourcecode.swift; path = NoteUITestsLaunchTests.swift; sourceTree = "<group>"; };
		F60E6FCD2B28BE8300215822 /* CollectionViewCell.swift */ = {isa = PBXFileReference; lastKnownFileType = sourcecode.swift; path = CollectionViewCell.swift; sourceTree = "<group>"; };
		F60E6FCF2B29918C00215822 /* Extensions.swift */ = {isa = PBXFileReference; lastKnownFileType = sourcecode.swift; path = Extensions.swift; sourceTree = "<group>"; };
/* End PBXFileReference section */

/* Begin PBXFrameworksBuildPhase section */
		F60E6F972B28BB7100215822 /* Frameworks */ = {
			isa = PBXFrameworksBuildPhase;
			buildActionMask = 2147483647;
			files = (
			);
			runOnlyForDeploymentPostprocessing = 0;
		};
		F60E6FAD2B28BB7200215822 /* Frameworks */ = {
			isa = PBXFrameworksBuildPhase;
			buildActionMask = 2147483647;
			files = (
			);
			runOnlyForDeploymentPostprocessing = 0;
		};
		F60E6FB72B28BB7200215822 /* Frameworks */ = {
			isa = PBXFrameworksBuildPhase;
			buildActionMask = 2147483647;
			files = (
			);
			runOnlyForDeploymentPostprocessing = 0;
		};
/* End PBXFrameworksBuildPhase section */

/* Begin PBXGroup section */
		F60E6F912B28BB7100215822 = {
			isa = PBXGroup;
			children = (
				F60E6F9C2B28BB7100215822 /* Note */,
				F60E6FB32B28BB7200215822 /* NoteTests */,
				F60E6FBD2B28BB7200215822 /* NoteUITests */,
				F60E6F9B2B28BB7100215822 /* Products */,
			);
			sourceTree = "<group>";
		};
		F60E6F9B2B28BB7100215822 /* Products */ = {
			isa = PBXGroup;
			children = (
				F60E6F9A2B28BB7100215822 /* Note.app */,
				F60E6FB02B28BB7200215822 /* NoteTests.xctest */,
				F60E6FBA2B28BB7200215822 /* NoteUITests.xctest */,
			);
			name = Products;
			sourceTree = "<group>";
		};
		F60E6F9C2B28BB7100215822 /* Note */ = {
			isa = PBXGroup;
			children = (
				F60E6F9D2B28BB7100215822 /* AppDelegate.swift */,
				F60E6FCF2B29918C00215822 /* Extensions.swift */,
				F60E6FCD2B28BE8300215822 /* CollectionViewCell.swift */,
				F60E6F9F2B28BB7100215822 /* SceneDelegate.swift */,
				F60E6FA12B28BB7100215822 /* ViewController.swift */,
				F60E6FA32B28BB7100215822 /* Main.storyboard */,
				F60E6FA62B28BB7200215822 /* Assets.xcassets */,
				F60E6FA82B28BB7200215822 /* LaunchScreen.storyboard */,
				F60E6FAB2B28BB7200215822 /* Info.plist */,
			);
			path = Note;
			sourceTree = "<group>";
		};
		F60E6FB32B28BB7200215822 /* NoteTests */ = {
			isa = PBXGroup;
			children = (
				F60E6FB42B28BB7200215822 /* NoteTests.swift */,
			);
			path = NoteTests;
			sourceTree = "<group>";
		};
		F60E6FBD2B28BB7200215822 /* NoteUITests */ = {
			isa = PBXGroup;
			children = (
				F60E6FBE2B28BB7200215822 /* NoteUITests.swift */,
				F60E6FC02B28BB7200215822 /* NoteUITestsLaunchTests.swift */,
			);
			path = NoteUITests;
			sourceTree = "<group>";
		};
/* End PBXGroup section */

/* Begin PBXNativeTarget section */
		F60E6F992B28BB7100215822 /* Note */ = {
			isa = PBXNativeTarget;
			buildConfigurationList = F60E6FC42B28BB7200215822 /* Build configuration list for PBXNativeTarget "Note" */;
			buildPhases = (
				F60E6F962B28BB7100215822 /* Sources */,
				F60E6F972B28BB7100215822 /* Frameworks */,
				F60E6F982B28BB7100215822 /* Resources */,
			);
			buildRules = (
			);
			dependencies = (
			);
			name = Note;
			productName = Note;
			productReference = F60E6F9A2B28BB7100215822 /* Note.app */;
			productType = "com.apple.product-type.application";
		};
		F60E6FAF2B28BB7200215822 /* NoteTests */ = {
			isa = PBXNativeTarget;
			buildConfigurationList = F60E6FC72B28BB7200215822 /* Build configuration list for PBXNativeTarget "NoteTests" */;
			buildPhases = (
				F60E6FAC2B28BB7200215822 /* Sources */,
				F60E6FAD2B28BB7200215822 /* Frameworks */,
				F60E6FAE2B28BB7200215822 /* Resources */,
			);
			buildRules = (
			);
			dependencies = (
				F60E6FB22B28BB7200215822 /* PBXTargetDependency */,
			);
			name = NoteTests;
			productName = NoteTests;
			productReference = F60E6FB02B28BB7200215822 /* NoteTests.xctest */;
			productType = "com.apple.product-type.bundle.unit-test";
		};
		F60E6FB92B28BB7200215822 /* NoteUITests */ = {
			isa = PBXNativeTarget;
			buildConfigurationList = F60E6FCA2B28BB7200215822 /* Build configuration list for PBXNativeTarget "NoteUITests" */;
			buildPhases = (
				F60E6FB62B28BB7200215822 /* Sources */,
				F60E6FB72B28BB7200215822 /* Frameworks */,
				F60E6FB82B28BB7200215822 /* Resources */,
			);
			buildRules = (
			);
			dependencies = (
				F60E6FBC2B28BB7200215822 /* PBXTargetDependency */,
			);
			name = NoteUITests;
			productName = NoteUITests;
			productReference = F60E6FBA2B28BB7200215822 /* NoteUITests.xctest */;
			productType = "com.apple.product-type.bundle.ui-testing";
		};
/* End PBXNativeTarget section */

/* Begin PBXProject section */
		F60E6F922B28BB7100215822 /* Project object */ = {
			isa = PBXProject;
			attributes = {
				BuildIndependentTargetsInParallel = 1;
				LastSwiftUpdateCheck = 1500;
				LastUpgradeCheck = 1500;
				TargetAttributes = {
					F60E6F992B28BB7100215822 = {
						CreatedOnToolsVersion = 15.0.1;
					};
					F60E6FAF2B28BB7200215822 = {
						CreatedOnToolsVersion = 15.0.1;
						TestTargetID = F60E6F992B28BB7100215822;
					};
					F60E6FB92B28BB7200215822 = {
						CreatedOnToolsVersion = 15.0.1;
						TestTargetID = F60E6F992B28BB7100215822;
					};
				};
			};
			buildConfigurationList = F60E6F952B28BB7100215822 /* Build configuration list for PBXProject "Note" */;
			compatibilityVersion = "Xcode 14.0";
			developmentRegion = en;
			hasScannedForEncodings = 0;
			knownRegions = (
				en,
				Base,
			);
			mainGroup = F60E6F912B28BB7100215822;
			productRefGroup = F60E6F9B2B28BB7100215822 /* Products */;
			projectDirPath = "";
			projectRoot = "";
			targets = (
				F60E6F992B28BB7100215822 /* Note */,
				F60E6FAF2B28BB7200215822 /* NoteTests */,
				F60E6FB92B28BB7200215822 /* NoteUITests */,
			);
		};
/* End PBXProject section */

/* Begin PBXResourcesBuildPhase section */
		F60E6F982B28BB7100215822 /* Resources */ = {
			isa = PBXResourcesBuildPhase;
			buildActionMask = 2147483647;
			files = (
				F60E6FAA2B28BB7200215822 /* LaunchScreen.storyboard in Resources */,
				F60E6FA72B28BB7200215822 /* Assets.xcassets in Resources */,
				F60E6FA52B28BB7100215822 /* Main.storyboard in Resources */,
			);
			runOnlyForDeploymentPostprocessing = 0;
		};
		F60E6FAE2B28BB7200215822 /* Resources */ = {
			isa = PBXResourcesBuildPhase;
			buildActionMask = 2147483647;
			files = (
			);
			runOnlyForDeploymentPostprocessing = 0;
		};
		F60E6FB82B28BB7200215822 /* Resources */ = {
			isa = PBXResourcesBuildPhase;
			buildActionMask = 2147483647;
			files = (
			);
			runOnlyForDeploymentPostprocessing = 0;
		};
/* End PBXResourcesBuildPhase section */

/* Begin PBXSourcesBuildPhase section */
		F60E6F962B28BB7100215822 /* Sources */ = {
			isa = PBXSourcesBuildPhase;
			buildActionMask = 2147483647;
			files = (
				F60E6FD02B29918C00215822 /* Extensions.swift in Sources */,
				F60E6FA22B28BB7100215822 /* ViewController.swift in Sources */,
				F60E6F9E2B28BB7100215822 /* AppDelegate.swift in Sources */,
				F60E6FCE2B28BE8400215822 /* CollectionViewCell.swift in Sources */,
				F60E6FA02B28BB7100215822 /* SceneDelegate.swift in Sources */,
			);
			runOnlyForDeploymentPostprocessing = 0;
		};
		F60E6FAC2B28BB7200215822 /* Sources */ = {
			isa = PBXSourcesBuildPhase;
			buildActionMask = 2147483647;
			files = (
				F60E6FB52B28BB7200215822 /* NoteTests.swift in Sources */,
			);
			runOnlyForDeploymentPostprocessing = 0;
		};
		F60E6FB62B28BB7200215822 /* Sources */ = {
			isa = PBXSourcesBuildPhase;
			buildActionMask = 2147483647;
			files = (
				F60E6FC12B28BB7200215822 /* NoteUITestsLaunchTests.swift in Sources */,
				F60E6FBF2B28BB7200215822 /* NoteUITests.swift in Sources */,
			);
			runOnlyForDeploymentPostprocessing = 0;
		};
/* End PBXSourcesBuildPhase section */

/* Begin PBXTargetDependency section */
		F60E6FB22B28BB7200215822 /* PBXTargetDependency */ = {
			isa = PBXTargetDependency;
			target = F60E6F992B28BB7100215822 /* Note */;
			targetProxy = F60E6FB12B28BB7200215822 /* PBXContainerItemProxy */;
		};
		F60E6FBC2B28BB7200215822 /* PBXTargetDependency */ = {
			isa = PBXTargetDependency;
			target = F60E6F992B28BB7100215822 /* Note */;
			targetProxy = F60E6FBB2B28BB7200215822 /* PBXContainerItemProxy */;
		};
/* End PBXTargetDependency section */

/* Begin PBXVariantGroup section */
		F60E6FA32B28BB7100215822 /* Main.storyboard */ = {
			isa = PBXVariantGroup;
			children = (
				F60E6FA42B28BB7100215822 /* Base */,
			);
			name = Main.storyboard;
			sourceTree = "<group>";
		};
		F60E6FA82B28BB7200215822 /* LaunchScreen.storyboard */ = {
			isa = PBXVariantGroup;
			children = (
				F60E6FA92B28BB7200215822 /* Base */,
			);
			name = LaunchScreen.storyboard;
			sourceTree = "<group>";
		};
/* End PBXVariantGroup section */

/* Begin XCBuildConfiguration section */
		F60E6FC22B28BB7200215822 /* Debug */ = {
			isa = XCBuildConfiguration;
			buildSettings = {
				ALWAYS_SEARCH_USER_PATHS = NO;
				ASSETCATALOG_COMPILER_GENERATE_SWIFT_ASSET_SYMBOL_EXTENSIONS = YES;
				CLANG_ANALYZER_NONNULL = YES;
				CLANG_ANALYZER_NUMBER_OBJECT_CONVERSION = YES_AGGRESSIVE;
				CLANG_CXX_LANGUAGE_STANDARD = "gnu++20";
				CLANG_ENABLE_MODULES = YES;
				CLANG_ENABLE_OBJC_ARC = YES;
				CLANG_ENABLE_OBJC_WEAK = YES;
				CLANG_WARN_BLOCK_CAPTURE_AUTORELEASING = YES;
				CLANG_WARN_BOOL_CONVERSION = YES;
				CLANG_WARN_COMMA = YES;
				CLANG_WARN_CONSTANT_CONVERSION = YES;
				CLANG_WARN_DEPRECATED_OBJC_IMPLEMENTATIONS = YES;
				CLANG_WARN_DIRECT_OBJC_ISA_USAGE = YES_ERROR;
				CLANG_WARN_DOCUMENTATION_COMMENTS = YES;
				CLANG_WARN_EMPTY_BODY = YES;
				CLANG_WARN_ENUM_CONVERSION = YES;
				CLANG_WARN_INFINITE_RECURSION = YES;
				CLANG_WARN_INT_CONVERSION = YES;
				CLANG_WARN_NON_LITERAL_NULL_CONVERSION = YES;
				CLANG_WARN_OBJC_IMPLICIT_RETAIN_SELF = YES;
				CLANG_WARN_OBJC_LITERAL_CONVERSION = YES;
				CLANG_WARN_OBJC_ROOT_CLASS = YES_ERROR;
				CLANG_WARN_QUOTED_INCLUDE_IN_FRAMEWORK_HEADER = YES;
				CLANG_WARN_RANGE_LOOP_ANALYSIS = YES;
				CLANG_WARN_STRICT_PROTOTYPES = YES;
				CLANG_WARN_SUSPICIOUS_MOVE = YES;
				CLANG_WARN_UNGUARDED_AVAILABILITY = YES_AGGRESSIVE;
				CLANG_WARN_UNREACHABLE_CODE = YES;
				CLANG_WARN__DUPLICATE_METHOD_MATCH = YES;
				COPY_PHASE_STRIP = NO;
				DEBUG_INFORMATION_FORMAT = dwarf;
				ENABLE_STRICT_OBJC_MSGSEND = YES;
				ENABLE_TESTABILITY = YES;
				ENABLE_USER_SCRIPT_SANDBOXING = YES;
				GCC_C_LANGUAGE_STANDARD = gnu17;
				GCC_DYNAMIC_NO_PIC = NO;
				GCC_NO_COMMON_BLOCKS = YES;
				GCC_OPTIMIZATION_LEVEL = 0;
				GCC_PREPROCESSOR_DEFINITIONS = (
					"DEBUG=1",
					"$(inherited)",
				);
				GCC_WARN_64_TO_32_BIT_CONVERSION = YES;
				GCC_WARN_ABOUT_RETURN_TYPE = YES_ERROR;
				GCC_WARN_UNDECLARED_SELECTOR = YES;
				GCC_WARN_UNINITIALIZED_AUTOS = YES_AGGRESSIVE;
				GCC_WARN_UNUSED_FUNCTION = YES;
				GCC_WARN_UNUSED_VARIABLE = YES;
				IPHONEOS_DEPLOYMENT_TARGET = 17.0;
				LOCALIZATION_PREFERS_STRING_CATALOGS = YES;
				MTL_ENABLE_DEBUG_INFO = INCLUDE_SOURCE;
				MTL_FAST_MATH = YES;
				ONLY_ACTIVE_ARCH = YES;
				SDKROOT = iphoneos;
				SWIFT_ACTIVE_COMPILATION_CONDITIONS = "DEBUG $(inherited)";
				SWIFT_OPTIMIZATION_LEVEL = "-Onone";
			};
			name = Debug;
		};
		F60E6FC32B28BB7200215822 /* Release */ = {
			isa = XCBuildConfiguration;
			buildSettings = {
				ALWAYS_SEARCH_USER_PATHS = NO;
				ASSETCATALOG_COMPILER_GENERATE_SWIFT_ASSET_SYMBOL_EXTENSIONS = YES;
				CLANG_ANALYZER_NONNULL = YES;
				CLANG_ANALYZER_NUMBER_OBJECT_CONVERSION = YES_AGGRESSIVE;
				CLANG_CXX_LANGUAGE_STANDARD = "gnu++20";
				CLANG_ENABLE_MODULES = YES;
				CLANG_ENABLE_OBJC_ARC = YES;
				CLANG_ENABLE_OBJC_WEAK = YES;
				CLANG_WARN_BLOCK_CAPTURE_AUTORELEASING = YES;
				CLANG_WARN_BOOL_CONVERSION = YES;
				CLANG_WARN_COMMA = YES;
				CLANG_WARN_CONSTANT_CONVERSION = YES;
				CLANG_WARN_DEPRECATED_OBJC_IMPLEMENTATIONS = YES;
				CLANG_WARN_DIRECT_OBJC_ISA_USAGE = YES_ERROR;
				CLANG_WARN_DOCUMENTATION_COMMENTS = YES;
				CLANG_WARN_EMPTY_BODY = YES;
				CLANG_WARN_ENUM_CONVERSION = YES;
				CLANG_WARN_INFINITE_RECURSION = YES;
				CLANG_WARN_INT_CONVERSION = YES;
				CLANG_WARN_NON_LITERAL_NULL_CONVERSION = YES;
				CLANG_WARN_OBJC_IMPLICIT_RETAIN_SELF = YES;
				CLANG_WARN_OBJC_LITERAL_CONVERSION = YES;
				CLANG_WARN_OBJC_ROOT_CLASS = YES_ERROR;
				CLANG_WARN_QUOTED_INCLUDE_IN_FRAMEWORK_HEADER = YES;
				CLANG_WARN_RANGE_LOOP_ANALYSIS = YES;
				CLANG_WARN_STRICT_PROTOTYPES = YES;
				CLANG_WARN_SUSPICIOUS_MOVE = YES;
				CLANG_WARN_UNGUARDED_AVAILABILITY = YES_AGGRESSIVE;
				CLANG_WARN_UNREACHABLE_CODE = YES;
				CLANG_WARN__DUPLICATE_METHOD_MATCH = YES;
				COPY_PHASE_STRIP = NO;
				DEBUG_INFORMATION_FORMAT = "dwarf-with-dsym";
				ENABLE_NS_ASSERTIONS = NO;
				ENABLE_STRICT_OBJC_MSGSEND = YES;
				ENABLE_USER_SCRIPT_SANDBOXING = YES;
				GCC_C_LANGUAGE_STANDARD = gnu17;
				GCC_NO_COMMON_BLOCKS = YES;
				GCC_WARN_64_TO_32_BIT_CONVERSION = YES;
				GCC_WARN_ABOUT_RETURN_TYPE = YES_ERROR;
				GCC_WARN_UNDECLARED_SELECTOR = YES;
				GCC_WARN_UNINITIALIZED_AUTOS = YES_AGGRESSIVE;
				GCC_WARN_UNUSED_FUNCTION = YES;
				GCC_WARN_UNUSED_VARIABLE = YES;
				IPHONEOS_DEPLOYMENT_TARGET = 17.0;
				LOCALIZATION_PREFERS_STRING_CATALOGS = YES;
				MTL_ENABLE_DEBUG_INFO = NO;
				MTL_FAST_MATH = YES;
				SDKROOT = iphoneos;
				SWIFT_COMPILATION_MODE = wholemodule;
				VALIDATE_PRODUCT = YES;
			};
			name = Release;
		};
		F60E6FC52B28BB7200215822 /* Debug */ = {
			isa = XCBuildConfiguration;
			buildSettings = {
				ASSETCATALOG_COMPILER_APPICON_NAME = AppIcon;
				ASSETCATALOG_COMPILER_GLOBAL_ACCENT_COLOR_NAME = AccentColor;
				CODE_SIGN_STYLE = Automatic;
				CURRENT_PROJECT_VERSION = 1;
				GENERATE_INFOPLIST_FILE = YES;
				INFOPLIST_FILE = Note/Info.plist;
				INFOPLIST_KEY_UIApplicationSupportsIndirectInputEvents = YES;
				INFOPLIST_KEY_UILaunchStoryboardName = LaunchScreen;
				INFOPLIST_KEY_UIMainStoryboardFile = Main;
				INFOPLIST_KEY_UISupportedInterfaceOrientations_iPad = "UIInterfaceOrientationPortrait UIInterfaceOrientationPortraitUpsideDown UIInterfaceOrientationLandscapeLeft UIInterfaceOrientationLandscapeRight";
				INFOPLIST_KEY_UISupportedInterfaceOrientations_iPhone = "UIInterfaceOrientationPortrait UIInterfaceOrientationLandscapeLeft UIInterfaceOrientationLandscapeRight";
				LD_RUNPATH_SEARCH_PATHS = (
					"$(inherited)",
					"@executable_path/Frameworks",
				);
				MARKETING_VERSION = 1.0;
				PRODUCT_BUNDLE_IDENTIFIER = com.lucaschabiron.Note;
				PRODUCT_NAME = "$(TARGET_NAME)";
				SWIFT_EMIT_LOC_STRINGS = YES;
				SWIFT_VERSION = 5.0;
				TARGETED_DEVICE_FAMILY = "1,2";
			};
			name = Debug;
		};
		F60E6FC62B28BB7200215822 /* Release */ = {
			isa = XCBuildConfiguration;
			buildSettings = {
				ASSETCATALOG_COMPILER_APPICON_NAME = AppIcon;
				ASSETCATALOG_COMPILER_GLOBAL_ACCENT_COLOR_NAME = AccentColor;
				CODE_SIGN_STYLE = Automatic;
				CURRENT_PROJECT_VERSION = 1;
				GENERATE_INFOPLIST_FILE = YES;
				INFOPLIST_FILE = Note/Info.plist;
				INFOPLIST_KEY_UIApplicationSupportsIndirectInputEvents = YES;
				INFOPLIST_KEY_UILaunchStoryboardName = LaunchScreen;
				INFOPLIST_KEY_UIMainStoryboardFile = Main;
				INFOPLIST_KEY_UISupportedInterfaceOrientations_iPad = "UIInterfaceOrientationPortrait UIInterfaceOrientationPortraitUpsideDown UIInterfaceOrientationLandscapeLeft UIInterfaceOrientationLandscapeRight";
				INFOPLIST_KEY_UISupportedInterfaceOrientations_iPhone = "UIInterfaceOrientationPortrait UIInterfaceOrientationLandscapeLeft UIInterfaceOrientationLandscapeRight";
				LD_RUNPATH_SEARCH_PATHS = (
					"$(inherited)",
					"@executable_path/Frameworks",
				);
				MARKETING_VERSION = 1.0;
				PRODUCT_BUNDLE_IDENTIFIER = com.lucaschabiron.Note;
				PRODUCT_NAME = "$(TARGET_NAME)";
				SWIFT_EMIT_LOC_STRINGS = YES;
				SWIFT_VERSION = 5.0;
				TARGETED_DEVICE_FAMILY = "1,2";
			};
			name = Release;
		};
		F60E6FC82B28BB7200215822 /* Debug */ = {
			isa = XCBuildConfiguration;
			buildSettings = {
				ALWAYS_EMBED_SWIFT_STANDARD_LIBRARIES = YES;
				BUNDLE_LOADER = "$(TEST_HOST)";
				CODE_SIGN_STYLE = Automatic;
				CURRENT_PROJECT_VERSION = 1;
				GENERATE_INFOPLIST_FILE = YES;
				IPHONEOS_DEPLOYMENT_TARGET = 17.0;
				MARKETING_VERSION = 1.0;
				PRODUCT_BUNDLE_IDENTIFIER = com.lucaschabiron.NoteTests;
				PRODUCT_NAME = "$(TARGET_NAME)";
				SWIFT_EMIT_LOC_STRINGS = NO;
				SWIFT_VERSION = 5.0;
				TARGETED_DEVICE_FAMILY = "1,2";
				TEST_HOST = "$(BUILT_PRODUCTS_DIR)/Note.app/$(BUNDLE_EXECUTABLE_FOLDER_PATH)/Note";
			};
			name = Debug;
		};
		F60E6FC92B28BB7200215822 /* Release */ = {
			isa = XCBuildConfiguration;
			buildSettings = {
				ALWAYS_EMBED_SWIFT_STANDARD_LIBRARIES = YES;
				BUNDLE_LOADER = "$(TEST_HOST)";
				CODE_SIGN_STYLE = Automatic;
				CURRENT_PROJECT_VERSION = 1;
				GENERATE_INFOPLIST_FILE = YES;
				IPHONEOS_DEPLOYMENT_TARGET = 17.0;
				MARKETING_VERSION = 1.0;
				PRODUCT_BUNDLE_IDENTIFIER = com.lucaschabiron.NoteTests;
				PRODUCT_NAME = "$(TARGET_NAME)";
				SWIFT_EMIT_LOC_STRINGS = NO;
				SWIFT_VERSION = 5.0;
				TARGETED_DEVICE_FAMILY = "1,2";
				TEST_HOST = "$(BUILT_PRODUCTS_DIR)/Note.app/$(BUNDLE_EXECUTABLE_FOLDER_PATH)/Note";
			};
			name = Release;
		};
		F60E6FCB2B28BB7200215822 /* Debug */ = {
			isa = XCBuildConfiguration;
			buildSettings = {
				ALWAYS_EMBED_SWIFT_STANDARD_LIBRARIES = YES;
				CODE_SIGN_STYLE = Automatic;
				CURRENT_PROJECT_VERSION = 1;
				GENERATE_INFOPLIST_FILE = YES;
				MARKETING_VERSION = 1.0;
				PRODUCT_BUNDLE_IDENTIFIER = com.lucaschabiron.NoteUITests;
				PRODUCT_NAME = "$(TARGET_NAME)";
				SWIFT_EMIT_LOC_STRINGS = NO;
				SWIFT_VERSION = 5.0;
				TARGETED_DEVICE_FAMILY = "1,2";
				TEST_TARGET_NAME = Note;
			};
			name = Debug;
		};
		F60E6FCC2B28BB7200215822 /* Release */ = {
			isa = XCBuildConfiguration;
			buildSettings = {
				ALWAYS_EMBED_SWIFT_STANDARD_LIBRARIES = YES;
				CODE_SIGN_STYLE = Automatic;
				CURRENT_PROJECT_VERSION = 1;
				GENERATE_INFOPLIST_FILE = YES;
				MARKETING_VERSION = 1.0;
				PRODUCT_BUNDLE_IDENTIFIER = com.lucaschabiron.NoteUITests;
				PRODUCT_NAME = "$(TARGET_NAME)";
				SWIFT_EMIT_LOC_STRINGS = NO;
				SWIFT_VERSION = 5.0;
				TARGETED_DEVICE_FAMILY = "1,2";
				TEST_TARGET_NAME = Note;
			};
			name = Release;
		};
/* End XCBuildConfiguration section */

/* Begin XCConfigurationList section */
		F60E6F952B28BB7100215822 /* Build configuration list for PBXProject "Note" */ = {
			isa = XCConfigurationList;
			buildConfigurations = (
				F60E6FC22B28BB7200215822 /* Debug */,
				F60E6FC32B28BB7200215822 /* Release */,
			);
			defaultConfigurationIsVisible = 0;
			defaultConfigurationName = Release;
		};
		F60E6FC42B28BB7200215822 /* Build configuration list for PBXNativeTarget "Note" */ = {
			isa = XCConfigurationList;
			buildConfigurations = (
				F60E6FC52B28BB7200215822 /* Debug */,
				F60E6FC62B28BB7200215822 /* Release */,
			);
			defaultConfigurationIsVisible = 0;
			defaultConfigurationName = Release;
		};
		F60E6FC72B28BB7200215822 /* Build configuration list for PBXNativeTarget "NoteTests" */ = {
			isa = XCConfigurationList;
			buildConfigurations = (
				F60E6FC82B28BB7200215822 /* Debug */,
				F60E6FC92B28BB7200215822 /* Release */,
			);
			defaultConfigurationIsVisible = 0;
			defaultConfigurationName = Release;
		};
		F60E6FCA2B28BB7200215822 /* Build configuration list for PBXNativeTarget "NoteUITests" */ = {
			isa = XCConfigurationList;
			buildConfigurations = (
				F60E6FCB2B28BB7200215822 /* Debug */,
				F60E6FCC2B28BB7200215822 /* Release */,
			);
			defaultConfigurationIsVisible = 0;
			defaultConfigurationName = Release;
		};
/* End XCConfigurationList section */
	};
	rootObject = F60E6F922B28BB7100215822 /* Project object */;
}
