// !$*UTF8*$!
{
	archiveVersion = 1;
	classes = {
	};
	objectVersion = 56;
	objects = {

/* Begin PBXBuildFile section */
		F60E6F9E2B28BB7100215822 /* AppDelegate.swift in Sources */ = {isa = PBXBuildFile; fileRef = F60E6F9D2B28BB7100215822 /* AppDelegate.swift */; };
		F60E6FA02B28BB7100215822 /* SceneDelegate.swift in Sources */ = {isa = PBXBuildFile; fileRef = F60E6F9F2B28BB7100215822 /* SceneDelegate.swift */; };
		F60E6FA22B28BB7100215822 /* HomeViewController.swift in Sources */ = {isa = PBXBuildFile; fileRef = F60E6FA12B28BB7100215822 /* HomeViewController.swift */; };
		F60E6FA52B28BB7100215822 /* Main.storyboard in Resources */ = {isa = PBXBuildFile; fileRef = F60E6FA32B28BB7100215822 /* Main.storyboard */; };
		F60E6FA72B28BB7200215822 /* Assets.xcassets in Resources */ = {isa = PBXBuildFile; fileRef = F60E6FA62B28BB7200215822 /* Assets.xcassets */; };
		F60E6FAA2B28BB7200215822 /* LaunchScreen.storyboard in Resources */ = {isa = PBXBuildFile; fileRef = F60E6FA82B28BB7200215822 /* LaunchScreen.storyboard */; };
		F60E6FB52B28BB7200215822 /* NoteTests.swift in Sources */ = {isa = PBXBuildFile; fileRef = F60E6FB42B28BB7200215822 /* NoteTests.swift */; };
		F60E6FBF2B28BB7200215822 /* NoteUITests.swift in Sources */ = {isa = PBXBuildFile; fileRef = F60E6FBE2B28BB7200215822 /* NoteUITests.swift */; };
		F60E6FC12B28BB7200215822 /* NoteUITestsLaunchTests.swift in Sources */ = {isa = PBXBuildFile; fileRef = F60E6FC02B28BB7200215822 /* NoteUITestsLaunchTests.swift */; };
		F60E6FCE2B28BE8400215822 /* CollectionViewCell.swift in Sources */ = {isa = PBXBuildFile; fileRef = F60E6FCD2B28BE8300215822 /* CollectionViewCell.swift */; };
		F60E6FD02B29918C00215822 /* LoadImage.swift in Sources */ = {isa = PBXBuildFile; fileRef = F60E6FCF2B29918C00215822 /* LoadImage.swift */; };
		F66F3A702B4079D1007DB381 /* AlbumDetailsViewController.swift in Sources */ = {isa = PBXBuildFile; fileRef = F66F3A6F2B4079D1007DB381 /* AlbumDetailsViewController.swift */; };
		F66F3A732B408CB8007DB381 /* APIRecentAlbums.swift in Sources */ = {isa = PBXBuildFile; fileRef = F66F3A722B408CB8007DB381 /* APIRecentAlbums.swift */; };
		F66F3A772B40A982007DB381 /* NavigationBar.swift in Sources */ = {isa = PBXBuildFile; fileRef = F66F3A762B40A982007DB381 /* NavigationBar.swift */; };
		F66F3A7A2B416CA9007DB381 /* AlbumImageView.swift in Sources */ = {isa = PBXBuildFile; fileRef = F66F3A792B416CA9007DB381 /* AlbumImageView.swift */; };
		F66F3A802B417619007DB381 /* RateAlbumViewController.swift in Sources */ = {isa = PBXBuildFile; fileRef = F66F3A7F2B417619007DB381 /* RateAlbumViewController.swift */; };
		F66F3A852B42E990007DB381 /* ArtistViewController.swift in Sources */ = {isa = PBXBuildFile; fileRef = F66F3A842B42E990007DB381 /* ArtistViewController.swift */; };
		F66F3A872B42EB11007DB381 /* ArtistIconImageView.swift in Sources */ = {isa = PBXBuildFile; fileRef = F66F3A862B42EB11007DB381 /* ArtistIconImageView.swift */; };
		F66F3A892B42FDDF007DB381 /* Artist.swift in Sources */ = {isa = PBXBuildFile; fileRef = F66F3A882B42FDDF007DB381 /* Artist.swift */; };
		F66F3A8E2B45DD75007DB381 /* FetchAlbums.swift in Sources */ = {isa = PBXBuildFile; fileRef = F66F3A8D2B45DD75007DB381 /* FetchAlbums.swift */; };
		F66F3A902B471060007DB381 /* Album.swift in Sources */ = {isa = PBXBuildFile; fileRef = F66F3A8F2B471060007DB381 /* Album.swift */; };
		F66F3A922B471273007DB381 /* APIFeaturedAlbums.swift in Sources */ = {isa = PBXBuildFile; fileRef = F66F3A912B471273007DB381 /* APIFeaturedAlbums.swift */; };
		F66F3A942B47162B007DB381 /* FetchArtist.swift in Sources */ = {isa = PBXBuildFile; fileRef = F66F3A932B47162B007DB381 /* FetchArtist.swift */; };
		F66F3A962B47188B007DB381 /* APIArtist.swift in Sources */ = {isa = PBXBuildFile; fileRef = F66F3A952B47188B007DB381 /* APIArtist.swift */; };
		F6CD5DC72B486F160034B265 /* Note.xcdatamodeld in Sources */ = {isa = PBXBuildFile; fileRef = F6CD5DC52B486F160034B265 /* Note.xcdatamodeld */; };
		F6CD5DCA2B4877A60034B265 /* ReviewMethods.swift in Sources */ = {isa = PBXBuildFile; fileRef = F6CD5DC92B4877A60034B265 /* ReviewMethods.swift */; };
		F6CD5DCC2B487FBE0034B265 /* Reviews.swift in Sources */ = {isa = PBXBuildFile; fileRef = F6CD5DCB2B487FBE0034B265 /* Reviews.swift */; };
		F6CD5DCF2B497DFA0034B265 /* ProfileViewController.swift in Sources */ = {isa = PBXBuildFile; fileRef = F6CD5DCE2B497DFA0034B265 /* ProfileViewController.swift */; };
		F6CD5DD12B49918C0034B265 /* SearchViewController.swift in Sources */ = {isa = PBXBuildFile; fileRef = F6CD5DD02B49918C0034B265 /* SearchViewController.swift */; };
/* End PBXBuildFile section */

/* Begin PBXContainerItemProxy section */
		F60E6FB12B28BB7200215822 /* PBXContainerItemProxy */ = {
			isa = PBXContainerItemProxy;
			containerPortal = F60E6F922B28BB7100215822 /* Project object */;
			proxyType = 1;
			remoteGlobalIDString = F60E6F992B28BB7100215822;
			remoteInfo = Note;
		};
		F60E6FBB2B28BB7200215822 /* PBXContainerItemProxy */ = {
			isa = PBXContainerItemProxy;
			containerPortal = F60E6F922B28BB7100215822 /* Project object */;
			proxyType = 1;
			remoteGlobalIDString = F60E6F992B28BB7100215822;
			remoteInfo = Note;
		};
/* End PBXContainerItemProxy section */

/* Begin PBXFileReference section */
		F60E6F9A2B28BB7100215822 /* Note.app */ = {isa = PBXFileReference; explicitFileType = wrapper.application; includeInIndex = 0; path = Note.app; sourceTree = BUILT_PRODUCTS_DIR; };
		F60E6F9D2B28BB7100215822 /* AppDelegate.swift */ = {isa = PBXFileReference; lastKnownFileType = sourcecode.swift; path = AppDelegate.swift; sourceTree = "<group>"; };
		F60E6F9F2B28BB7100215822 /* SceneDelegate.swift */ = {isa = PBXFileReference; lastKnownFileType = sourcecode.swift; path = SceneDelegate.swift; sourceTree = "<group>"; };
		F60E6FA12B28BB7100215822 /* HomeViewController.swift */ = {isa = PBXFileReference; lastKnownFileType = sourcecode.swift; path = HomeViewController.swift; sourceTree = "<group>"; };
		F60E6FA42B28BB7100215822 /* Base */ = {isa = PBXFileReference; lastKnownFileType = file.storyboard; name = Base; path = Base.lproj/Main.storyboard; sourceTree = "<group>"; };
		F60E6FA62B28BB7200215822 /* Assets.xcassets */ = {isa = PBXFileReference; lastKnownFileType = folder.assetcatalog; path = Assets.xcassets; sourceTree = "<group>"; };
		F60E6FA92B28BB7200215822 /* Base */ = {isa = PBXFileReference; lastKnownFileType = file.storyboard; name = Base; path = Base.lproj/LaunchScreen.storyboard; sourceTree = "<group>"; };
		F60E6FAB2B28BB7200215822 /* Info.plist */ = {isa = PBXFileReference; lastKnownFileType = text.plist.xml; path = Info.plist; sourceTree = "<group>"; };
		F60E6FB02B28BB7200215822 /* NoteTests.xctest */ = {isa = PBXFileReference; explicitFileType = wrapper.cfbundle; includeInIndex = 0; path = NoteTests.xctest; sourceTree = BUILT_PRODUCTS_DIR; };
		F60E6FB42B28BB7200215822 /* NoteTests.swift */ = {isa = PBXFileReference; lastKnownFileType = sourcecode.swift; path = NoteTests.swift; sourceTree = "<group>"; };
		F60E6FBA2B28BB7200215822 /* NoteUITests.xctest */ = {isa = PBXFileReference; explicitFileType = wrapper.cfbundle; includeInIndex = 0; path = NoteUITests.xctest; sourceTree = BUILT_PRODUCTS_DIR; };
		F60E6FBE2B28BB7200215822 /* NoteUITests.swift */ = {isa = PBXFileReference; lastKnownFileType = sourcecode.swift; path = NoteUITests.swift; sourceTree = "<group>"; };
		F60E6FC02B28BB7200215822 /* NoteUITestsLaunchTests.swift */ = {isa = PBXFileReference; lastKnownFileType = sourcecode.swift; path = NoteUITestsLaunchTests.swift; sourceTree = "<group>"; };
		F60E6FCD2B28BE8300215822 /* CollectionViewCell.swift */ = {isa = PBXFileReference; lastKnownFileType = sourcecode.swift; path = CollectionViewCell.swift; sourceTree = "<group>"; };
		F60E6FCF2B29918C00215822 /* LoadImage.swift */ = {isa = PBXFileReference; lastKnownFileType = sourcecode.swift; path = LoadImage.swift; sourceTree = "<group>"; };
		F66F3A6F2B4079D1007DB381 /* AlbumDetailsViewController.swift */ = {isa = PBXFileReference; lastKnownFileType = sourcecode.swift; path = AlbumDetailsViewController.swift; sourceTree = "<group>"; };
		F66F3A722B408CB8007DB381 /* APIRecentAlbums.swift */ = {isa = PBXFileReference; lastKnownFileType = sourcecode.swift; path = APIRecentAlbums.swift; sourceTree = "<group>"; };
		F66F3A762B40A982007DB381 /* NavigationBar.swift */ = {isa = PBXFileReference; lastKnownFileType = sourcecode.swift; path = NavigationBar.swift; sourceTree = "<group>"; };
		F66F3A792B416CA9007DB381 /* AlbumImageView.swift */ = {isa = PBXFileReference; lastKnownFileType = sourcecode.swift; path = AlbumImageView.swift; sourceTree = "<group>"; };
		F66F3A7F2B417619007DB381 /* RateAlbumViewController.swift */ = {isa = PBXFileReference; lastKnownFileType = sourcecode.swift; path = RateAlbumViewController.swift; sourceTree = "<group>"; };
		F66F3A842B42E990007DB381 /* ArtistViewController.swift */ = {isa = PBXFileReference; lastKnownFileType = sourcecode.swift; path = ArtistViewController.swift; sourceTree = "<group>"; };
		F66F3A862B42EB11007DB381 /* ArtistIconImageView.swift */ = {isa = PBXFileReference; lastKnownFileType = sourcecode.swift; path = ArtistIconImageView.swift; sourceTree = "<group>"; };
		F66F3A882B42FDDF007DB381 /* Artist.swift */ = {isa = PBXFileReference; lastKnownFileType = sourcecode.swift; path = Artist.swift; sourceTree = "<group>"; };
		F66F3A8D2B45DD75007DB381 /* FetchAlbums.swift */ = {isa = PBXFileReference; lastKnownFileType = sourcecode.swift; path = FetchAlbums.swift; sourceTree = "<group>"; };
		F66F3A8F2B471060007DB381 /* Album.swift */ = {isa = PBXFileReference; lastKnownFileType = sourcecode.swift; path = Album.swift; sourceTree = "<group>"; };
		F66F3A912B471273007DB381 /* APIFeaturedAlbums.swift */ = {isa = PBXFileReference; lastKnownFileType = sourcecode.swift; path = APIFeaturedAlbums.swift; sourceTree = "<group>"; };
		F66F3A932B47162B007DB381 /* FetchArtist.swift */ = {isa = PBXFileReference; lastKnownFileType = sourcecode.swift; path = FetchArtist.swift; sourceTree = "<group>"; };
		F66F3A952B47188B007DB381 /* APIArtist.swift */ = {isa = PBXFileReference; lastKnownFileType = sourcecode.swift; path = APIArtist.swift; sourceTree = "<group>"; };
		F6CD5DC62B486F160034B265 /* Reviews.xcdatamodel */ = {isa = PBXFileReference; lastKnownFileType = wrapper.xcdatamodel; path = Reviews.xcdatamodel; sourceTree = "<group>"; };
		F6CD5DC92B4877A60034B265 /* ReviewMethods.swift */ = {isa = PBXFileReference; lastKnownFileType = sourcecode.swift; path = ReviewMethods.swift; sourceTree = "<group>"; };
		F6CD5DCB2B487FBE0034B265 /* Reviews.swift */ = {isa = PBXFileReference; lastKnownFileType = sourcecode.swift; path = Reviews.swift; sourceTree = "<group>"; };
		F6CD5DCE2B497DFA0034B265 /* ProfileViewController.swift */ = {isa = PBXFileReference; lastKnownFileType = sourcecode.swift; path = ProfileViewController.swift; sourceTree = "<group>"; };
		F6CD5DD02B49918C0034B265 /* SearchViewController.swift */ = {isa = PBXFileReference; lastKnownFileType = sourcecode.swift; path = SearchViewController.swift; sourceTree = "<group>"; };
/* End PBXFileReference section */

/* Begin PBXFrameworksBuildPhase section */
		F60E6F972B28BB7100215822 /* Frameworks */ = {
			isa = PBXFrameworksBuildPhase;
			buildActionMask = 2147483647;
			files = (
			);
			runOnlyForDeploymentPostprocessing = 0;
		};
		F60E6FAD2B28BB7200215822 /* Frameworks */ = {
			isa = PBXFrameworksBuildPhase;
			buildActionMask = 2147483647;
			files = (
			);
			runOnlyForDeploymentPostprocessing = 0;
		};
		F60E6FB72B28BB7200215822 /* Frameworks */ = {
			isa = PBXFrameworksBuildPhase;
			buildActionMask = 2147483647;
			files = (
			);
			runOnlyForDeploymentPostprocessing = 0;
		};
/* End PBXFrameworksBuildPhase section */

/* Begin PBXGroup section */
		F60E6F912B28BB7100215822 = {
			isa = PBXGroup;
			children = (
				F60E6F9C2B28BB7100215822 /* Note */,
				F60E6FB32B28BB7200215822 /* NoteTests */,
				F60E6FBD2B28BB7200215822 /* NoteUITests */,
				F60E6F9B2B28BB7100215822 /* Products */,
			);
			sourceTree = "<group>";
		};
		F60E6F9B2B28BB7100215822 /* Products */ = {
			isa = PBXGroup;
			children = (
				F60E6F9A2B28BB7100215822 /* Note.app */,
				F60E6FB02B28BB7200215822 /* NoteTests.xctest */,
				F60E6FBA2B28BB7200215822 /* NoteUITests.xctest */,
			);
			name = Products;
			sourceTree = "<group>";
		};
		F60E6F9C2B28BB7100215822 /* Note */ = {
			isa = PBXGroup;
			children = (
				F6CD5DC52B486F160034B265 /* Note.xcdatamodeld */,
				F6CD5DC82B48777C0034B265 /* CoreData */,
				F6CD5DC42B486AEC0034B265 /* Utils */,
				F66F3A8C2B45DD63007DB381 /* Calls */,
				F66F3A7B2B41754E007DB381 /* Controllers */,
				F66F3A782B416C45007DB381 /* Classes */,
				F66F3A712B408B58007DB381 /* Models */,
				F60E6F9D2B28BB7100215822 /* AppDelegate.swift */,
				F60E6F9F2B28BB7100215822 /* SceneDelegate.swift */,
				F60E6FA32B28BB7100215822 /* Main.storyboard */,
				F60E6FA62B28BB7200215822 /* Assets.xcassets */,
				F60E6FA82B28BB7200215822 /* LaunchScreen.storyboard */,
				F60E6FAB2B28BB7200215822 /* Info.plist */,
			);
			path = Note;
			sourceTree = "<group>";
		};
		F60E6FB32B28BB7200215822 /* NoteTests */ = {
			isa = PBXGroup;
			children = (
				F60E6FB42B28BB7200215822 /* NoteTests.swift */,
			);
			path = NoteTests;
			sourceTree = "<group>";
		};
		F60E6FBD2B28BB7200215822 /* NoteUITests */ = {
			isa = PBXGroup;
			children = (
				F60E6FBE2B28BB7200215822 /* NoteUITests.swift */,
				F60E6FC02B28BB7200215822 /* NoteUITestsLaunchTests.swift */,
			);
			path = NoteUITests;
			sourceTree = "<group>";
		};
		F66F3A712B408B58007DB381 /* Models */ = {
			isa = PBXGroup;
			children = (
				F66F3A722B408CB8007DB381 /* APIRecentAlbums.swift */,
				F66F3A882B42FDDF007DB381 /* Artist.swift */,
				F66F3A8F2B471060007DB381 /* Album.swift */,
				F66F3A912B471273007DB381 /* APIFeaturedAlbums.swift */,
				F66F3A952B47188B007DB381 /* APIArtist.swift */,
				F6CD5DCB2B487FBE0034B265 /* Reviews.swift */,
			);
			path = Models;
			sourceTree = "<group>";
		};
		F66F3A782B416C45007DB381 /* Classes */ = {
			isa = PBXGroup;
			children = (
				F60E6FCD2B28BE8300215822 /* CollectionViewCell.swift */,
				F66F3A762B40A982007DB381 /* NavigationBar.swift */,
			);
			path = Classes;
			sourceTree = "<group>";
		};
		F66F3A7B2B41754E007DB381 /* Controllers */ = {
			isa = PBXGroup;
			children = (
				F6CD5DCD2B497DC50034B265 /* Profile */,
				F66F3A832B42E8D4007DB381 /* Artist */,
				F66F3A7E2B4175E9007DB381 /* Rate Album */,
				F66F3A7D2B41757A007DB381 /* Album Details */,
				F66F3A7C2B417554007DB381 /* Home */,
				F6CD5DD02B49918C0034B265 /* SearchViewController.swift */,
			);
			path = Controllers;
			sourceTree = "<group>";
		};
		F66F3A7C2B417554007DB381 /* Home */ = {
			isa = PBXGroup;
			children = (
				F60E6FA12B28BB7100215822 /* HomeViewController.swift */,
			);
			path = Home;
			sourceTree = "<group>";
		};
		F66F3A7D2B41757A007DB381 /* Album Details */ = {
			isa = PBXGroup;
			children = (
				F66F3A792B416CA9007DB381 /* AlbumImageView.swift */,
				F66F3A6F2B4079D1007DB381 /* AlbumDetailsViewController.swift */,
			);
			path = "Album Details";
			sourceTree = "<group>";
		};
		F66F3A7E2B4175E9007DB381 /* Rate Album */ = {
			isa = PBXGroup;
			children = (
				F66F3A7F2B417619007DB381 /* RateAlbumViewController.swift */,
			);
			path = "Rate Album";
			sourceTree = "<group>";
		};
		F66F3A832B42E8D4007DB381 /* Artist */ = {
			isa = PBXGroup;
			children = (
				F66F3A842B42E990007DB381 /* ArtistViewController.swift */,
				F66F3A862B42EB11007DB381 /* ArtistIconImageView.swift */,
			);
			path = Artist;
			sourceTree = "<group>";
		};
		F66F3A8C2B45DD63007DB381 /* Calls */ = {
			isa = PBXGroup;
			children = (
				F66F3A8D2B45DD75007DB381 /* FetchAlbums.swift */,
				F66F3A932B47162B007DB381 /* FetchArtist.swift */,
			);
			path = Calls;
			sourceTree = "<group>";
		};
		F6CD5DC42B486AEC0034B265 /* Utils */ = {
			isa = PBXGroup;
			children = (
				F60E6FCF2B29918C00215822 /* LoadImage.swift */,
			);
			path = Utils;
			sourceTree = "<group>";
		};
		F6CD5DC82B48777C0034B265 /* CoreData */ = {
			isa = PBXGroup;
			children = (
				F6CD5DC92B4877A60034B265 /* ReviewMethods.swift */,
			);
			path = CoreData;
			sourceTree = "<group>";
		};
		F6CD5DCD2B497DC50034B265 /* Profile */ = {
			isa = PBXGroup;
			children = (
				F6CD5DCE2B497DFA0034B265 /* ProfileViewController.swift */,
			);
			path = Profile;
			sourceTree = "<group>";
		};
/* End PBXGroup section */

/* Begin PBXNativeTarget section */
		F60E6F992B28BB7100215822 /* Note */ = {
			isa = PBXNativeTarget;
			buildConfigurationList = F60E6FC42B28BB7200215822 /* Build configuration list for PBXNativeTarget "Note" */;
			buildPhases = (
				F60E6F962B28BB7100215822 /* Sources */,
				F60E6F972B28BB7100215822 /* Frameworks */,
				F60E6F982B28BB7100215822 /* Resources */,
			);
			buildRules = (
			);
			dependencies = (
			);
			name = Note;
			productName = Note;
			productReference = F60E6F9A2B28BB7100215822 /* Note.app */;
			productType = "com.apple.product-type.application";
		};
		F60E6FAF2B28BB7200215822 /* NoteTests */ = {
			isa = PBXNativeTarget;
			buildConfigurationList = F60E6FC72B28BB7200215822 /* Build configuration list for PBXNativeTarget "NoteTests" */;
			buildPhases = (
				F60E6FAC2B28BB7200215822 /* Sources */,
				F60E6FAD2B28BB7200215822 /* Frameworks */,
				F60E6FAE2B28BB7200215822 /* Resources */,
			);
			buildRules = (
			);
			dependencies = (
				F60E6FB22B28BB7200215822 /* PBXTargetDependency */,
			);
			name = NoteTests;
			productName = NoteTests;
			productReference = F60E6FB02B28BB7200215822 /* NoteTests.xctest */;
			productType = "com.apple.product-type.bundle.unit-test";
		};
		F60E6FB92B28BB7200215822 /* NoteUITests */ = {
			isa = PBXNativeTarget;
			buildConfigurationList = F60E6FCA2B28BB7200215822 /* Build configuration list for PBXNativeTarget "NoteUITests" */;
			buildPhases = (
				F60E6FB62B28BB7200215822 /* Sources */,
				F60E6FB72B28BB7200215822 /* Frameworks */,
				F60E6FB82B28BB7200215822 /* Resources */,
			);
			buildRules = (
			);
			dependencies = (
				F60E6FBC2B28BB7200215822 /* PBXTargetDependency */,
			);
			name = NoteUITests;
			productName = NoteUITests;
			productReference = F60E6FBA2B28BB7200215822 /* NoteUITests.xctest */;
			productType = "com.apple.product-type.bundle.ui-testing";
		};
/* End PBXNativeTarget section */

/* Begin PBXProject section */
		F60E6F922B28BB7100215822 /* Project object */ = {
			isa = PBXProject;
			attributes = {
				BuildIndependentTargetsInParallel = 1;
				LastSwiftUpdateCheck = 1500;
				LastUpgradeCheck = 1500;
				TargetAttributes = {
					F60E6F992B28BB7100215822 = {
						CreatedOnToolsVersion = 15.0.1;
					};
					F60E6FAF2B28BB7200215822 = {
						CreatedOnToolsVersion = 15.0.1;
						TestTargetID = F60E6F992B28BB7100215822;
					};
					F60E6FB92B28BB7200215822 = {
						CreatedOnToolsVersion = 15.0.1;
						TestTargetID = F60E6F992B28BB7100215822;
					};
				};
			};
			buildConfigurationList = F60E6F952B28BB7100215822 /* Build configuration list for PBXProject "Note" */;
			compatibilityVersion = "Xcode 14.0";
			developmentRegion = en;
			hasScannedForEncodings = 0;
			knownRegions = (
				en,
				Base,
			);
			mainGroup = F60E6F912B28BB7100215822;
			productRefGroup = F60E6F9B2B28BB7100215822 /* Products */;
			projectDirPath = "";
			projectRoot = "";
			targets = (
				F60E6F992B28BB7100215822 /* Note */,
				F60E6FAF2B28BB7200215822 /* NoteTests */,
				F60E6FB92B28BB7200215822 /* NoteUITests */,
			);
		};
/* End PBXProject section */

/* Begin PBXResourcesBuildPhase section */
		F60E6F982B28BB7100215822 /* Resources */ = {
			isa = PBXResourcesBuildPhase;
			buildActionMask = 2147483647;
			files = (
				F60E6FAA2B28BB7200215822 /* LaunchScreen.storyboard in Resources */,
				F60E6FA72B28BB7200215822 /* Assets.xcassets in Resources */,
				F60E6FA52B28BB7100215822 /* Main.storyboard in Resources */,
			);
			runOnlyForDeploymentPostprocessing = 0;
		};
		F60E6FAE2B28BB7200215822 /* Resources */ = {
			isa = PBXResourcesBuildPhase;
			buildActionMask = 2147483647;
			files = (
			);
			runOnlyForDeploymentPostprocessing = 0;
		};
		F60E6FB82B28BB7200215822 /* Resources */ = {
			isa = PBXResourcesBuildPhase;
			buildActionMask = 2147483647;
			files = (
			);
			runOnlyForDeploymentPostprocessing = 0;
		};
/* End PBXResourcesBuildPhase section */

/* Begin PBXSourcesBuildPhase section */
		F60E6F962B28BB7100215822 /* Sources */ = {
			isa = PBXSourcesBuildPhase;
			buildActionMask = 2147483647;
			files = (
				F60E6FD02B29918C00215822 /* LoadImage.swift in Sources */,
				F66F3A962B47188B007DB381 /* APIArtist.swift in Sources */,
				F60E6FA22B28BB7100215822 /* HomeViewController.swift in Sources */,
				F66F3A7A2B416CA9007DB381 /* AlbumImageView.swift in Sources */,
				F60E6F9E2B28BB7100215822 /* AppDelegate.swift in Sources */,
				F66F3A922B471273007DB381 /* APIFeaturedAlbums.swift in Sources */,
				F6CD5DCF2B497DFA0034B265 /* ProfileViewController.swift in Sources */,
				F66F3A772B40A982007DB381 /* NavigationBar.swift in Sources */,
				F60E6FCE2B28BE8400215822 /* CollectionViewCell.swift in Sources */,
				F66F3A892B42FDDF007DB381 /* Artist.swift in Sources */,
				F6CD5DC72B486F160034B265 /* Note.xcdatamodeld in Sources */,
				F66F3A902B471060007DB381 /* Album.swift in Sources */,
				F66F3A802B417619007DB381 /* RateAlbumViewController.swift in Sources */,
				F6CD5DD12B49918C0034B265 /* SearchViewController.swift in Sources */,
				F60E6FA02B28BB7100215822 /* SceneDelegate.swift in Sources */,
				F6CD5DCA2B4877A60034B265 /* ReviewMethods.swift in Sources */,
				F6CD5DCC2B487FBE0034B265 /* Reviews.swift in Sources */,
				F66F3A732B408CB8007DB381 /* APIRecentAlbums.swift in Sources */,
				F66F3A942B47162B007DB381 /* FetchArtist.swift in Sources */,
				F66F3A872B42EB11007DB381 /* ArtistIconImageView.swift in Sources */,
				F66F3A8E2B45DD75007DB381 /* FetchAlbums.swift in Sources */,
				F66F3A702B4079D1007DB381 /* AlbumDetailsViewController.swift in Sources */,
				F66F3A852B42E990007DB381 /* ArtistViewController.swift in Sources */,
			);
			runOnlyForDeploymentPostprocessing = 0;
		};
		F60E6FAC2B28BB7200215822 /* Sources */ = {
			isa = PBXSourcesBuildPhase;
			buildActionMask = 2147483647;
			files = (
				F60E6FB52B28BB7200215822 /* NoteTests.swift in Sources */,
			);
			runOnlyForDeploymentPostprocessing = 0;
		};
		F60E6FB62B28BB7200215822 /* Sources */ = {
			isa = PBXSourcesBuildPhase;
			buildActionMask = 2147483647;
			files = (
				F60E6FC12B28BB7200215822 /* NoteUITestsLaunchTests.swift in Sources */,
				F60E6FBF2B28BB7200215822 /* NoteUITests.swift in Sources */,
			);
			runOnlyForDeploymentPostprocessing = 0;
		};
/* End PBXSourcesBuildPhase section */

/* Begin PBXTargetDependency section */
		F60E6FB22B28BB7200215822 /* PBXTargetDependency */ = {
			isa = PBXTargetDependency;
			target = F60E6F992B28BB7100215822 /* Note */;
			targetProxy = F60E6FB12B28BB7200215822 /* PBXContainerItemProxy */;
		};
		F60E6FBC2B28BB7200215822 /* PBXTargetDependency */ = {
			isa = PBXTargetDependency;
			target = F60E6F992B28BB7100215822 /* Note */;
			targetProxy = F60E6FBB2B28BB7200215822 /* PBXContainerItemProxy */;
		};
/* End PBXTargetDependency section */

/* Begin PBXVariantGroup section */
		F60E6FA32B28BB7100215822 /* Main.storyboard */ = {
			isa = PBXVariantGroup;
			children = (
				F60E6FA42B28BB7100215822 /* Base */,
			);
			name = Main.storyboard;
			sourceTree = "<group>";
		};
		F60E6FA82B28BB7200215822 /* LaunchScreen.storyboard */ = {
			isa = PBXVariantGroup;
			children = (
				F60E6FA92B28BB7200215822 /* Base */,
			);
			name = LaunchScreen.storyboard;
			sourceTree = "<group>";
		};
/* End PBXVariantGroup section */

/* Begin XCBuildConfiguration section */
		F60E6FC22B28BB7200215822 /* Debug */ = {
			isa = XCBuildConfiguration;
			buildSettings = {
				ALWAYS_SEARCH_USER_PATHS = NO;
				ASSETCATALOG_COMPILER_GENERATE_SWIFT_ASSET_SYMBOL_EXTENSIONS = YES;
				CLANG_ANALYZER_NONNULL = YES;
				CLANG_ANALYZER_NUMBER_OBJECT_CONVERSION = YES_AGGRESSIVE;
				CLANG_CXX_LANGUAGE_STANDARD = "gnu++20";
				CLANG_ENABLE_MODULES = YES;
				CLANG_ENABLE_OBJC_ARC = YES;
				CLANG_ENABLE_OBJC_WEAK = YES;
				CLANG_WARN_BLOCK_CAPTURE_AUTORELEASING = YES;
				CLANG_WARN_BOOL_CONVERSION = YES;
				CLANG_WARN_COMMA = YES;
				CLANG_WARN_CONSTANT_CONVERSION = YES;
				CLANG_WARN_DEPRECATED_OBJC_IMPLEMENTATIONS = YES;
				CLANG_WARN_DIRECT_OBJC_ISA_USAGE = YES_ERROR;
				CLANG_WARN_DOCUMENTATION_COMMENTS = YES;
				CLANG_WARN_EMPTY_BODY = YES;
				CLANG_WARN_ENUM_CONVERSION = YES;
				CLANG_WARN_INFINITE_RECURSION = YES;
				CLANG_WARN_INT_CONVERSION = YES;
				CLANG_WARN_NON_LITERAL_NULL_CONVERSION = YES;
				CLANG_WARN_OBJC_IMPLICIT_RETAIN_SELF = YES;
				CLANG_WARN_OBJC_LITERAL_CONVERSION = YES;
				CLANG_WARN_OBJC_ROOT_CLASS = YES_ERROR;
				CLANG_WARN_QUOTED_INCLUDE_IN_FRAMEWORK_HEADER = YES;
				CLANG_WARN_RANGE_LOOP_ANALYSIS = YES;
				CLANG_WARN_STRICT_PROTOTYPES = YES;
				CLANG_WARN_SUSPICIOUS_MOVE = YES;
				CLANG_WARN_UNGUARDED_AVAILABILITY = YES_AGGRESSIVE;
				CLANG_WARN_UNREACHABLE_CODE = YES;
				CLANG_WARN__DUPLICATE_METHOD_MATCH = YES;
				COPY_PHASE_STRIP = NO;
				DEBUG_INFORMATION_FORMAT = dwarf;
				ENABLE_STRICT_OBJC_MSGSEND = YES;
				ENABLE_TESTABILITY = YES;
				ENABLE_USER_SCRIPT_SANDBOXING = YES;
				GCC_C_LANGUAGE_STANDARD = gnu17;
				GCC_DYNAMIC_NO_PIC = NO;
				GCC_NO_COMMON_BLOCKS = YES;
				GCC_OPTIMIZATION_LEVEL = 0;
				GCC_PREPROCESSOR_DEFINITIONS = (
					"DEBUG=1",
					"$(inherited)",
				);
				GCC_WARN_64_TO_32_BIT_CONVERSION = YES;
				GCC_WARN_ABOUT_RETURN_TYPE = YES_ERROR;
				GCC_WARN_UNDECLARED_SELECTOR = YES;
				GCC_WARN_UNINITIALIZED_AUTOS = YES_AGGRESSIVE;
				GCC_WARN_UNUSED_FUNCTION = YES;
				GCC_WARN_UNUSED_VARIABLE = YES;
				IPHONEOS_DEPLOYMENT_TARGET = 17.0;
				LOCALIZATION_PREFERS_STRING_CATALOGS = YES;
				MTL_ENABLE_DEBUG_INFO = INCLUDE_SOURCE;
				MTL_FAST_MATH = YES;
				ONLY_ACTIVE_ARCH = YES;
				SDKROOT = iphoneos;
				SWIFT_ACTIVE_COMPILATION_CONDITIONS = "DEBUG $(inherited)";
				SWIFT_OPTIMIZATION_LEVEL = "-Onone";
			};
			name = Debug;
		};
		F60E6FC32B28BB7200215822 /* Release */ = {
			isa = XCBuildConfiguration;
			buildSettings = {
				ALWAYS_SEARCH_USER_PATHS = NO;
				ASSETCATALOG_COMPILER_GENERATE_SWIFT_ASSET_SYMBOL_EXTENSIONS = YES;
				CLANG_ANALYZER_NONNULL = YES;
				CLANG_ANALYZER_NUMBER_OBJECT_CONVERSION = YES_AGGRESSIVE;
				CLANG_CXX_LANGUAGE_STANDARD = "gnu++20";
				CLANG_ENABLE_MODULES = YES;
				CLANG_ENABLE_OBJC_ARC = YES;
				CLANG_ENABLE_OBJC_WEAK = YES;
				CLANG_WARN_BLOCK_CAPTURE_AUTORELEASING = YES;
				CLANG_WARN_BOOL_CONVERSION = YES;
				CLANG_WARN_COMMA = YES;
				CLANG_WARN_CONSTANT_CONVERSION = YES;
				CLANG_WARN_DEPRECATED_OBJC_IMPLEMENTATIONS = YES;
				CLANG_WARN_DIRECT_OBJC_ISA_USAGE = YES_ERROR;
				CLANG_WARN_DOCUMENTATION_COMMENTS = YES;
				CLANG_WARN_EMPTY_BODY = YES;
				CLANG_WARN_ENUM_CONVERSION = YES;
				CLANG_WARN_INFINITE_RECURSION = YES;
				CLANG_WARN_INT_CONVERSION = YES;
				CLANG_WARN_NON_LITERAL_NULL_CONVERSION = YES;
				CLANG_WARN_OBJC_IMPLICIT_RETAIN_SELF = YES;
				CLANG_WARN_OBJC_LITERAL_CONVERSION = YES;
				CLANG_WARN_OBJC_ROOT_CLASS = YES_ERROR;
				CLANG_WARN_QUOTED_INCLUDE_IN_FRAMEWORK_HEADER = YES;
				CLANG_WARN_RANGE_LOOP_ANALYSIS = YES;
				CLANG_WARN_STRICT_PROTOTYPES = YES;
				CLANG_WARN_SUSPICIOUS_MOVE = YES;
				CLANG_WARN_UNGUARDED_AVAILABILITY = YES_AGGRESSIVE;
				CLANG_WARN_UNREACHABLE_CODE = YES;
				CLANG_WARN__DUPLICATE_METHOD_MATCH = YES;
				COPY_PHASE_STRIP = NO;
				DEBUG_INFORMATION_FORMAT = "dwarf-with-dsym";
				ENABLE_NS_ASSERTIONS = NO;
				ENABLE_STRICT_OBJC_MSGSEND = YES;
				ENABLE_USER_SCRIPT_SANDBOXING = YES;
				GCC_C_LANGUAGE_STANDARD = gnu17;
				GCC_NO_COMMON_BLOCKS = YES;
				GCC_WARN_64_TO_32_BIT_CONVERSION = YES;
				GCC_WARN_ABOUT_RETURN_TYPE = YES_ERROR;
				GCC_WARN_UNDECLARED_SELECTOR = YES;
				GCC_WARN_UNINITIALIZED_AUTOS = YES_AGGRESSIVE;
				GCC_WARN_UNUSED_FUNCTION = YES;
				GCC_WARN_UNUSED_VARIABLE = YES;
				IPHONEOS_DEPLOYMENT_TARGET = 17.0;
				LOCALIZATION_PREFERS_STRING_CATALOGS = YES;
				MTL_ENABLE_DEBUG_INFO = NO;
				MTL_FAST_MATH = YES;
				SDKROOT = iphoneos;
				SWIFT_COMPILATION_MODE = wholemodule;
				VALIDATE_PRODUCT = YES;
			};
			name = Release;
		};
		F60E6FC52B28BB7200215822 /* Debug */ = {
			isa = XCBuildConfiguration;
			buildSettings = {
				ASSETCATALOG_COMPILER_APPICON_NAME = AppIcon;
				ASSETCATALOG_COMPILER_GLOBAL_ACCENT_COLOR_NAME = AccentColor;
				CODE_SIGN_IDENTITY = "Apple Development";
				CODE_SIGN_STYLE = Automatic;
				CURRENT_PROJECT_VERSION = 1;
				DEVELOPMENT_TEAM = JS472DFZ58;
				GENERATE_INFOPLIST_FILE = YES;
				INFOPLIST_FILE = Note/Info.plist;
				INFOPLIST_KEY_LSApplicationCategoryType = "public.app-category.music";
				INFOPLIST_KEY_UIApplicationSupportsIndirectInputEvents = YES;
				INFOPLIST_KEY_UILaunchStoryboardName = LaunchScreen;
				INFOPLIST_KEY_UIMainStoryboardFile = Main;
				INFOPLIST_KEY_UISupportedInterfaceOrientations = UIInterfaceOrientationPortrait;
				INFOPLIST_KEY_UISupportedInterfaceOrientations_iPad = "UIInterfaceOrientationLandscapeLeft UIInterfaceOrientationLandscapeRight UIInterfaceOrientationPortrait UIInterfaceOrientationPortraitUpsideDown";
				LD_RUNPATH_SEARCH_PATHS = (
					"$(inherited)",
					"@executable_path/Frameworks",
				);
				MARKETING_VERSION = 1.0;
				PRODUCT_BUNDLE_IDENTIFIER = com.lucaschabiron.Note;
				PRODUCT_NAME = "$(TARGET_NAME)";
				PROVISIONING_PROFILE_SPECIFIER = "";
				SUPPORTED_PLATFORMS = "iphoneos iphonesimulator";
				SUPPORTS_MACCATALYST = NO;
				SWIFT_EMIT_LOC_STRINGS = YES;
				SWIFT_VERSION = 5.0;
				TARGETED_DEVICE_FAMILY = 1;
			};
			name = Debug;
		};
		F60E6FC62B28BB7200215822 /* Release */ = {
			isa = XCBuildConfiguration;
			buildSettings = {
				ASSETCATALOG_COMPILER_APPICON_NAME = AppIcon;
				ASSETCATALOG_COMPILER_GLOBAL_ACCENT_COLOR_NAME = AccentColor;
				CODE_SIGN_IDENTITY = "Apple Development";
				CODE_SIGN_STYLE = Automatic;
				CURRENT_PROJECT_VERSION = 1;
				DEVELOPMENT_TEAM = JS472DFZ58;
				GENERATE_INFOPLIST_FILE = YES;
				INFOPLIST_FILE = Note/Info.plist;
				INFOPLIST_KEY_LSApplicationCategoryType = "public.app-category.music";
				INFOPLIST_KEY_UIApplicationSupportsIndirectInputEvents = YES;
				INFOPLIST_KEY_UILaunchStoryboardName = LaunchScreen;
				INFOPLIST_KEY_UIMainStoryboardFile = Main;
				INFOPLIST_KEY_UISupportedInterfaceOrientations = UIInterfaceOrientationPortrait;
				INFOPLIST_KEY_UISupportedInterfaceOrientations_iPad = "UIInterfaceOrientationLandscapeLeft UIInterfaceOrientationLandscapeRight UIInterfaceOrientationPortrait UIInterfaceOrientationPortraitUpsideDown";
				LD_RUNPATH_SEARCH_PATHS = (
					"$(inherited)",
					"@executable_path/Frameworks",
				);
				MARKETING_VERSION = 1.0;
				PRODUCT_BUNDLE_IDENTIFIER = com.lucaschabiron.Note;
				PRODUCT_NAME = "$(TARGET_NAME)";
				PROVISIONING_PROFILE_SPECIFIER = "";
				SUPPORTED_PLATFORMS = "iphoneos iphonesimulator";
				SUPPORTS_MACCATALYST = NO;
				SWIFT_EMIT_LOC_STRINGS = YES;
				SWIFT_VERSION = 5.0;
				TARGETED_DEVICE_FAMILY = 1;
			};
			name = Release;
		};
		F60E6FC82B28BB7200215822 /* Debug */ = {
			isa = XCBuildConfiguration;
			buildSettings = {
				ALWAYS_EMBED_SWIFT_STANDARD_LIBRARIES = YES;
				BUNDLE_LOADER = "$(TEST_HOST)";
				CODE_SIGN_STYLE = Automatic;
				CURRENT_PROJECT_VERSION = 1;
				GENERATE_INFOPLIST_FILE = YES;
				IPHONEOS_DEPLOYMENT_TARGET = 17.0;
				MARKETING_VERSION = 1.0;
				PRODUCT_BUNDLE_IDENTIFIER = com.lucaschabiron.NoteTests;
				PRODUCT_NAME = "$(TARGET_NAME)";
				SWIFT_EMIT_LOC_STRINGS = NO;
				SWIFT_VERSION = 5.0;
				TARGETED_DEVICE_FAMILY = "1,2";
				TEST_HOST = "$(BUILT_PRODUCTS_DIR)/Note.app/$(BUNDLE_EXECUTABLE_FOLDER_PATH)/Note";
			};
			name = Debug;
		};
		F60E6FC92B28BB7200215822 /* Release */ = {
			isa = XCBuildConfiguration;
			buildSettings = {
				ALWAYS_EMBED_SWIFT_STANDARD_LIBRARIES = YES;
				BUNDLE_LOADER = "$(TEST_HOST)";
				CODE_SIGN_STYLE = Automatic;
				CURRENT_PROJECT_VERSION = 1;
				GENERATE_INFOPLIST_FILE = YES;
				IPHONEOS_DEPLOYMENT_TARGET = 17.0;
				MARKETING_VERSION = 1.0;
				PRODUCT_BUNDLE_IDENTIFIER = com.lucaschabiron.NoteTests;
				PRODUCT_NAME = "$(TARGET_NAME)";
				SWIFT_EMIT_LOC_STRINGS = NO;
				SWIFT_VERSION = 5.0;
				TARGETED_DEVICE_FAMILY = "1,2";
				TEST_HOST = "$(BUILT_PRODUCTS_DIR)/Note.app/$(BUNDLE_EXECUTABLE_FOLDER_PATH)/Note";
			};
			name = Release;
		};
		F60E6FCB2B28BB7200215822 /* Debug */ = {
			isa = XCBuildConfiguration;
			buildSettings = {
				ALWAYS_EMBED_SWIFT_STANDARD_LIBRARIES = YES;
				CODE_SIGN_STYLE = Automatic;
				CURRENT_PROJECT_VERSION = 1;
				GENERATE_INFOPLIST_FILE = YES;
				MARKETING_VERSION = 1.0;
				PRODUCT_BUNDLE_IDENTIFIER = com.lucaschabiron.NoteUITests;
				PRODUCT_NAME = "$(TARGET_NAME)";
				SWIFT_EMIT_LOC_STRINGS = NO;
				SWIFT_VERSION = 5.0;
				TARGETED_DEVICE_FAMILY = "1,2";
				TEST_TARGET_NAME = Note;
			};
			name = Debug;
		};
		F60E6FCC2B28BB7200215822 /* Release */ = {
			isa = XCBuildConfiguration;
			buildSettings = {
				ALWAYS_EMBED_SWIFT_STANDARD_LIBRARIES = YES;
				CODE_SIGN_STYLE = Automatic;
				CURRENT_PROJECT_VERSION = 1;
				GENERATE_INFOPLIST_FILE = YES;
				MARKETING_VERSION = 1.0;
				PRODUCT_BUNDLE_IDENTIFIER = com.lucaschabiron.NoteUITests;
				PRODUCT_NAME = "$(TARGET_NAME)";
				SWIFT_EMIT_LOC_STRINGS = NO;
				SWIFT_VERSION = 5.0;
				TARGETED_DEVICE_FAMILY = "1,2";
				TEST_TARGET_NAME = Note;
			};
			name = Release;
		};
/* End XCBuildConfiguration section */

/* Begin XCConfigurationList section */
		F60E6F952B28BB7100215822 /* Build configuration list for PBXProject "Note" */ = {
			isa = XCConfigurationList;
			buildConfigurations = (
				F60E6FC22B28BB7200215822 /* Debug */,
				F60E6FC32B28BB7200215822 /* Release */,
			);
			defaultConfigurationIsVisible = 0;
			defaultConfigurationName = Release;
		};
		F60E6FC42B28BB7200215822 /* Build configuration list for PBXNativeTarget "Note" */ = {
			isa = XCConfigurationList;
			buildConfigurations = (
				F60E6FC52B28BB7200215822 /* Debug */,
				F60E6FC62B28BB7200215822 /* Release */,
			);
			defaultConfigurationIsVisible = 0;
			defaultConfigurationName = Release;
		};
		F60E6FC72B28BB7200215822 /* Build configuration list for PBXNativeTarget "NoteTests" */ = {
			isa = XCConfigurationList;
			buildConfigurations = (
				F60E6FC82B28BB7200215822 /* Debug */,
				F60E6FC92B28BB7200215822 /* Release */,
			);
			defaultConfigurationIsVisible = 0;
			defaultConfigurationName = Release;
		};
		F60E6FCA2B28BB7200215822 /* Build configuration list for PBXNativeTarget "NoteUITests" */ = {
			isa = XCConfigurationList;
			buildConfigurations = (
				F60E6FCB2B28BB7200215822 /* Debug */,
				F60E6FCC2B28BB7200215822 /* Release */,
			);
			defaultConfigurationIsVisible = 0;
			defaultConfigurationName = Release;
		};
/* End XCConfigurationList section */

/* Begin XCVersionGroup section */
		F6CD5DC52B486F160034B265 /* Note.xcdatamodeld */ = {
			isa = XCVersionGroup;
			children = (
				F6CD5DC62B486F160034B265 /* Reviews.xcdatamodel */,
			);
			currentVersion = F6CD5DC62B486F160034B265 /* Reviews.xcdatamodel */;
			path = Note.xcdatamodeld;
			sourceTree = "<group>";
			versionGroupType = wrapper.xcdatamodel;
		};
/* End XCVersionGroup section */
	};
	rootObject = F60E6F922B28BB7100215822 /* Project object */;
}
